{
  "lockfile_version": "1",
  "packages": {
    "git@2.47.2": {
      "last_modified": "2025-02-07T11:26:36Z",
      "resolved": "github:NixOS/nixpkgs/d98abf5cf5914e5e4e9d57205e3af55ca90ffc1d#git",
      "source": "devbox-search",
      "version": "2.47.2",
      "systems": {
        "aarch64-darwin": {
          "outputs": [
            {
              "name": "out",
              "path": "/nix/store/9z3jhc0rlj3zaw8nd1zka9vli6w0q11g-git-2.47.2",
              "default": true
            },
            {
              "name": "doc",
              "path": "/nix/store/rh151iwgy4h8yv8kxd5facw57cyj0bav-git-2.47.2-doc"
            }
          ],
          "store_path": "/nix/store/9z3jhc0rlj3zaw8nd1zka9vli6w0q11g-git-2.47.2"
        },
        "aarch64-linux": {
          "outputs": [
            {
              "name": "out",
              "path": "/nix/store/gx5y37qcfqdvn0h6swjd04dmqjjh3nk7-git-2.47.2",
              "default": true
            },
            {
              "name": "doc",
              "path": "/nix/store/c25mq3q83dvw3k5pb0qr5333g3cycylq-git-2.47.2-doc"
            },
            {
              "name": "debug",
              "path": "/nix/store/8vfpmf3vjgzl2psip76p0f9h11sb6y3p-git-2.47.2-debug"
            }
          ],
          "store_path": "/nix/store/gx5y37qcfqdvn0h6swjd04dmqjjh3nk7-git-2.47.2"
        },
        "x86_64-darwin": {
          "outputs": [
            {
              "name": "out",
              "path": "/nix/store/39xx5gx3hxigs1b5ldw5i2jr84vsn3rf-git-2.47.2",
              "default": true
            },
            {
              "name": "doc",
              "path": "/nix/store/xmh2djjrnbpiqqgpblrcbavnqh0nv4km-git-2.47.2-doc"
            }
          ],
          "store_path": "/nix/store/39xx5gx3hxigs1b5ldw5i2jr84vsn3rf-git-2.47.2"
        },
        "x86_64-linux": {
          "outputs": [
            {
              "name": "out",
              "path": "/nix/store/33g65w5cc9n8fr0hxj84282xmv4l7hyl-git-2.47.2",
              "default": true
            },
            {
              "name": "doc",
              "path": "/nix/store/lb4nipdhlwrxdavz7gdkcik6lkz3cbdm-git-2.47.2-doc"
            },
            {
              "name": "debug",
              "path": "/nix/store/jyz4nvcd3bci4vg2sfsmvrq0fp9mzr5a-git-2.47.2-debug"
            }
          ],
          "store_path": "/nix/store/33g65w5cc9n8fr0hxj84282xmv4l7hyl-git-2.47.2"
        }
      }
    },
    "github:NixOS/nixpkgs/nixpkgs-unstable": {
      "last_modified": "2026-03-14T16:50:54Z",
      "resolved": "github:NixOS/nixpkgs/e80236013dc8b77aa49ca90e7a12d86f5d8d64c9?lastModified=1773507054&narHash=sha256-Q8U5VXgrcxmCxPtCCJCIZkcAX3FCZwGh1GNVIXxMND0%3D"
    },
    "python@3.12.13": {
      "last_modified": "2026-03-07T23:46:50Z",
      "plugin_version": "0.0.4",
      "resolved": "github:NixOS/nixpkgs/0e6cdd5be64608ef630c2e41f8d51d484468492f#python312",
      "source": "devbox-search",
      "version": "3.12.13",
      "systems": {
        "aarch64-darwin": {
          "outputs": [
            {
              "name": "out",
              "path": "/nix/store/0kpmn91hpcg7fx0kd4ji2blhnigzvw98-python3-3.12.13",
              "default": true
            }
          ],
          "store_path": "/nix/store/0kpmn91hpcg7fx0kd4ji2blhnigzvw98-python3-3.12.13"
        },
        "aarch64-linux": {
          "outputs": [
            {
              "name": "out",
              "path": "/nix/store/n7zacbangs6qzrfb8xg8b5cqkxcv6499-python3-3.12.13",
              "default": true
            },
            {
              "name": "debug",
              "path": "/nix/store/qj5pnvfqcdf34ri8fwdpk8dbz3fdk5lz-python3-3.12.13-debug"
            }
          ],
          "store_path": "/nix/store/n7zacbangs6qzrfb8xg8b5cqkxcv6499-python3-3.12.13"
        },
        "x86_64-darwin": {
          "outputs": [
            {
              "name": "out",
              "path": "/nix/store/gjw0dj160905a2z35r5pv9gb50mnav7r-python3-3.12.13",
              "default": true
            }
          ],
          "store_path": "/nix/store/gjw0dj160905a2z35r5pv9gb50mnav7r-python3-3.12.13"
        },
        "x86_64-linux": {
          "outputs": [
            {
              "name": "out",
              "path": "/nix/store/ja66iyv96y1cbjhj7fl5ghqqmy9fyacj-python3-3.12.13",
              "default": true
            },
            {
              "name": "debug",
              "path": "/nix/store/zacz4qsg5g7z60ajw1s3jnmpf0vkr1f4-python3-3.12.13-debug"
            }
          ],
          "store_path": "/nix/store/ja66iyv96y1cbjhj7fl5ghqqmy9fyacj-python3-3.12.13"
        }
      }
    },
    "uv@0.10.9": {
      "last_modified": "2026-03-10T02:35:18Z",
      "resolved": "github:NixOS/nixpkgs/e607cb5360ff1234862ac9f8839522becb853bb9#uv",
      "source": "devbox-search",
      "version": "0.10.9",
      "systems": {
        "aarch64-darwin": {
          "outputs": [
            {
              "name": "out",
              "path": "/nix/store/wmckdc6wg4ras8rb354n4672rq3xwr9i-uv-0.10.9",
              "default": true
            }
          ],
          "store_path": "/nix/store/wmckdc6wg4ras8rb354n4672rq3xwr9i-uv-0.10.9"
        },
        "aarch64-linux": {
          "outputs": [
            {
              "name": "out",
              "path": "/nix/store/8idsi0vzrrvyjcvhb908gvg9wx49vrvm-uv-0.10.9",
              "default": true
            }
          ],
          "store_path": "/nix/store/8idsi0vzrrvyjcvhb908gvg9wx49vrvm-uv-0.10.9"
        },
        "x86_64-darwin": {
          "outputs": [
            {
              "name": "out",
              "path": "/nix/store/qi4bdz0a1msls43y0ilh02mksl1wnfjq-uv-0.10.9",
              "default": true
            }
          ],
          "store_path": "/nix/store/qi4bdz0a1msls43y0ilh02mksl1wnfjq-uv-0.10.9"
        },
        "x86_64-linux": {
          "outputs": [
            {
              "name": "out",
              "path": "/nix/store/84rpgnqzji6dlcdg6dp8hkr6n469cwg1-uv-0.10.9",
              "default": true
            }
          ],
          "store_path": "/nix/store/84rpgnqzji6dlcdg6dp8hkr6n469cwg1-uv-0.10.9"
        }
      }
    }
  }
}
